// !$*UTF8*$!
{
	archiveVersion = 1;
	classes = {
	};
	objectVersion = 56;
	objects = {

/* Begin PBXBuildFile section */
		FA5E60162B5E1C8B001E9353 /* AppDelegate.swift in Sources */ = {isa = PBXBuildFile; fileRef = FA5E60152B5E1C8B001E9353 /* AppDelegate.swift */; };
		FA5E60182B5E1C8B001E9353 /* SceneDelegate.swift in Sources */ = {isa = PBXBuildFile; fileRef = FA5E60172B5E1C8B001E9353 /* SceneDelegate.swift */; };
		FA5E601D2B5E1C8B001E9353 /* Main.storyboard in Resources */ = {isa = PBXBuildFile; fileRef = FA5E601B2B5E1C8B001E9353 /* Main.storyboard */; };
		FA5E601F2B5E1C8C001E9353 /* Assets.xcassets in Resources */ = {isa = PBXBuildFile; fileRef = FA5E601E2B5E1C8C001E9353 /* Assets.xcassets */; };
		FA5E60222B5E1C8C001E9353 /* LaunchScreen.storyboard in Resources */ = {isa = PBXBuildFile; fileRef = FA5E60202B5E1C8C001E9353 /* LaunchScreen.storyboard */; };
		FA5E602A2B5E1FBB001E9353 /* TabBarController.swift in Sources */ = {isa = PBXBuildFile; fileRef = FA5E60292B5E1FBB001E9353 /* TabBarController.swift */; };
		FA5E602C2B5E2C04001E9353 /* OpenIssuesViewController.swift in Sources */ = {isa = PBXBuildFile; fileRef = FA5E602B2B5E2C04001E9353 /* OpenIssuesViewController.swift */; };
		FA5E602E2B5E2C27001E9353 /* ClosedIssuesViewController.swift in Sources */ = {isa = PBXBuildFile; fileRef = FA5E602D2B5E2C27001E9353 /* ClosedIssuesViewController.swift */; };
		FA5E60302B5E2FF4001E9353 /* IssueTableViewCell.swift in Sources */ = {isa = PBXBuildFile; fileRef = FA5E602F2B5E2FF4001E9353 /* IssueTableViewCell.swift */; };
		FA5E60322B5E58E2001E9353 /* IssueDetailViewController.swift in Sources */ = {isa = PBXBuildFile; fileRef = FA5E60312B5E58E2001E9353 /* IssueDetailViewController.swift */; };
		FA5E60362B602C77001E9353 /* GitHubClient.swift in Sources */ = {isa = PBXBuildFile; fileRef = FA5E60352B602C77001E9353 /* GitHubClient.swift */; };
		FAB61AAF2B60E9BC0002FF40 /* README.md in Resources */ = {isa = PBXBuildFile; fileRef = FAB61AAE2B60E9BB0002FF40 /* README.md */; };
/* End PBXBuildFile section */

/* Begin PBXFileReference section */
		FA5E60122B5E1C8B001E9353 /* GitHubIssues.app */ = {isa = PBXFileReference; explicitFileType = wrapper.application; includeInIndex = 0; path = GitHubIssues.app; sourceTree = BUILT_PRODUCTS_DIR; };
		FA5E60152B5E1C8B001E9353 /* AppDelegate.swift */ = {isa = PBXFileReference; lastKnownFileType = sourcecode.swift; path = AppDelegate.swift; sourceTree = "<group>"; };
		FA5E60172B5E1C8B001E9353 /* SceneDelegate.swift */ = {isa = PBXFileReference; lastKnownFileType = sourcecode.swift; path = SceneDelegate.swift; sourceTree = "<group>"; };
		FA5E601C2B5E1C8B001E9353 /* Base */ = {isa = PBXFileReference; lastKnownFileType = file.storyboard; name = Base; path = Base.lproj/Main.storyboard; sourceTree = "<group>"; };
		FA5E601E2B5E1C8C001E9353 /* Assets.xcassets */ = {isa = PBXFileReference; lastKnownFileType = folder.assetcatalog; path = Assets.xcassets; sourceTree = "<group>"; };
		FA5E60212B5E1C8C001E9353 /* Base */ = {isa = PBXFileReference; lastKnownFileType = file.storyboard; name = Base; path = Base.lproj/LaunchScreen.storyboard; sourceTree = "<group>"; };
		FA5E60232B5E1C8C001E9353 /* Info.plist */ = {isa = PBXFileReference; lastKnownFileType = text.plist.xml; path = Info.plist; sourceTree = "<group>"; };
		FA5E60292B5E1FBB001E9353 /* TabBarController.swift */ = {isa = PBXFileReference; lastKnownFileType = sourcecode.swift; path = TabBarController.swift; sourceTree = "<group>"; };
		FA5E602B2B5E2C04001E9353 /* OpenIssuesViewController.swift */ = {isa = PBXFileReference; lastKnownFileType = sourcecode.swift; path = OpenIssuesViewController.swift; sourceTree = "<group>"; };
		FA5E602D2B5E2C27001E9353 /* ClosedIssuesViewController.swift */ = {isa = PBXFileReference; lastKnownFileType = sourcecode.swift; path = ClosedIssuesViewController.swift; sourceTree = "<group>"; };
		FA5E602F2B5E2FF4001E9353 /* IssueTableViewCell.swift */ = {isa = PBXFileReference; lastKnownFileType = sourcecode.swift; path = IssueTableViewCell.swift; sourceTree = "<group>"; };
		FA5E60312B5E58E2001E9353 /* IssueDetailViewController.swift */ = {isa = PBXFileReference; lastKnownFileType = sourcecode.swift; path = IssueDetailViewController.swift; sourceTree = "<group>"; };
		FA5E60352B602C77001E9353 /* GitHubClient.swift */ = {isa = PBXFileReference; lastKnownFileType = sourcecode.swift; path = GitHubClient.swift; sourceTree = "<group>"; };
		FAB61AAE2B60E9BB0002FF40 /* README.md */ = {isa = PBXFileReference; fileEncoding = 4; lastKnownFileType = net.daringfireball.markdown; path = README.md; sourceTree = "<group>"; };
/* End PBXFileReference section */

/* Begin PBXFrameworksBuildPhase section */
		FA5E600F2B5E1C8B001E9353 /* Frameworks */ = {
			isa = PBXFrameworksBuildPhase;
			buildActionMask = 2147483647;
			files = (
			);
			runOnlyForDeploymentPostprocessing = 0;
		};
/* End PBXFrameworksBuildPhase section */

/* Begin PBXGroup section */
		FA5E60092B5E1C8B001E9353 = {
			isa = PBXGroup;
			children = (
				FA5E60142B5E1C8B001E9353 /* GitHubIssues */,
				FA5E60132B5E1C8B001E9353 /* Products */,
			);
			sourceTree = "<group>";
		};
		FA5E60132B5E1C8B001E9353 /* Products */ = {
			isa = PBXGroup;
			children = (
				FA5E60122B5E1C8B001E9353 /* GitHubIssues.app */,
			);
			name = Products;
			sourceTree = "<group>";
		};
		FA5E60142B5E1C8B001E9353 /* GitHubIssues */ = {
			isa = PBXGroup;
			children = (
				FA5E60352B602C77001E9353 /* GitHubClient.swift */,
				FA5E60312B5E58E2001E9353 /* IssueDetailViewController.swift */,
				FA5E602F2B5E2FF4001E9353 /* IssueTableViewCell.swift */,
				FA5E602B2B5E2C04001E9353 /* OpenIssuesViewController.swift */,
				FA5E602D2B5E2C27001E9353 /* ClosedIssuesViewController.swift */,
				FA5E60292B5E1FBB001E9353 /* TabBarController.swift */,
				FA5E60152B5E1C8B001E9353 /* AppDelegate.swift */,
				FA5E60172B5E1C8B001E9353 /* SceneDelegate.swift */,
				FA5E601B2B5E1C8B001E9353 /* Main.storyboard */,
				FA5E601E2B5E1C8C001E9353 /* Assets.xcassets */,
				FA5E60202B5E1C8C001E9353 /* LaunchScreen.storyboard */,
				FA5E60232B5E1C8C001E9353 /* Info.plist */,
				FAB61AAE2B60E9BB0002FF40 /* README.md */,
			);
			path = GitHubIssues;
			sourceTree = "<group>";
		};
/* End PBXGroup section */

/* Begin PBXNativeTarget section */
		FA5E60112B5E1C8B001E9353 /* GitHubIssues */ = {
			isa = PBXNativeTarget;
			buildConfigurationList = FA5E60262B5E1C8C001E9353 /* Build configuration list for PBXNativeTarget "GitHubIssues" */;
			buildPhases = (
				FA5E600E2B5E1C8B001E9353 /* Sources */,
				FA5E600F2B5E1C8B001E9353 /* Frameworks */,
				FA5E60102B5E1C8B001E9353 /* Resources */,
			);
			buildRules = (
			);
			dependencies = (
			);
			name = GitHubIssues;
			productName = Project3;
			productReference = FA5E60122B5E1C8B001E9353 /* GitHubIssues.app */;
			productType = "com.apple.product-type.application";
		};
/* End PBXNativeTarget section */

/* Begin PBXProject section */
		FA5E600A2B5E1C8B001E9353 /* Project object */ = {
			isa = PBXProject;
			attributes = {
				BuildIndependentTargetsInParallel = 1;
				LastSwiftUpdateCheck = 1520;
				LastUpgradeCheck = 1520;
				TargetAttributes = {
					FA5E60112B5E1C8B001E9353 = {
						CreatedOnToolsVersion = 15.2;
					};
				};
			};
			buildConfigurationList = FA5E600D2B5E1C8B001E9353 /* Build configuration list for PBXProject "GitHubIssues" */;
			compatibilityVersion = "Xcode 14.0";
			developmentRegion = en;
			hasScannedForEncodings = 0;
			knownRegions = (
				en,
				Base,
			);
			mainGroup = FA5E60092B5E1C8B001E9353;
			productRefGroup = FA5E60132B5E1C8B001E9353 /* Products */;
			projectDirPath = "";
			projectRoot = "";
			targets = (
				FA5E60112B5E1C8B001E9353 /* GitHubIssues */,
			);
		};
/* End PBXProject section */

/* Begin PBXResourcesBuildPhase section */
		FA5E60102B5E1C8B001E9353 /* Resources */ = {
			isa = PBXResourcesBuildPhase;
			buildActionMask = 2147483647;
			files = (
				FA5E60222B5E1C8C001E9353 /* LaunchScreen.storyboard in Resources */,
				FA5E601F2B5E1C8C001E9353 /* Assets.xcassets in Resources */,
				FAB61AAF2B60E9BC0002FF40 /* README.md in Resources */,
				FA5E601D2B5E1C8B001E9353 /* Main.storyboard in Resources */,
			);
			runOnlyForDeploymentPostprocessing = 0;
		};
/* End PBXResourcesBuildPhase section */

/* Begin PBXSourcesBuildPhase section */
		FA5E600E2B5E1C8B001E9353 /* Sources */ = {
			isa = PBXSourcesBuildPhase;
			buildActionMask = 2147483647;
			files = (
				FA5E602E2B5E2C27001E9353 /* ClosedIssuesViewController.swift in Sources */,
				FA5E602A2B5E1FBB001E9353 /* TabBarController.swift in Sources */,
				FA5E60162B5E1C8B001E9353 /* AppDelegate.swift in Sources */,
				FA5E60322B5E58E2001E9353 /* IssueDetailViewController.swift in Sources */,
				FA5E60302B5E2FF4001E9353 /* IssueTableViewCell.swift in Sources */,
				FA5E602C2B5E2C04001E9353 /* OpenIssuesViewController.swift in Sources */,
				FA5E60182B5E1C8B001E9353 /* SceneDelegate.swift in Sources */,
				FA5E60362B602C77001E9353 /* GitHubClient.swift in Sources */,
			);
			runOnlyForDeploymentPostprocessing = 0;
		};
/* End PBXSourcesBuildPhase section */

/* Begin PBXVariantGroup section */
		FA5E601B2B5E1C8B001E9353 /* Main.storyboard */ = {
			isa = PBXVariantGroup;
			children = (
				FA5E601C2B5E1C8B001E9353 /* Base */,
			);
			name = Main.storyboard;
			sourceTree = "<group>";
		};
		FA5E60202B5E1C8C001E9353 /* LaunchScreen.storyboard */ = {
			isa = PBXVariantGroup;
			children = (
				FA5E60212B5E1C8C001E9353 /* Base */,
			);
			name = LaunchScreen.storyboard;
			sourceTree = "<group>";
		};
/* End PBXVariantGroup section */

/* Begin XCBuildConfiguration section */
		FA5E60242B5E1C8C001E9353 /* Debug */ = {
			isa = XCBuildConfiguration;
			buildSettings = {
				ALWAYS_SEARCH_USER_PATHS = NO;
				ASSETCATALOG_COMPILER_GENERATE_SWIFT_ASSET_SYMBOL_EXTENSIONS = YES;
				CLANG_ANALYZER_NONNULL = YES;
				CLANG_ANALYZER_NUMBER_OBJECT_CONVERSION = YES_AGGRESSIVE;
				CLANG_CXX_LANGUAGE_STANDARD = "gnu++20";
				CLANG_ENABLE_MODULES = YES;
				CLANG_ENABLE_OBJC_ARC = YES;
				CLANG_ENABLE_OBJC_WEAK = YES;
				CLANG_WARN_BLOCK_CAPTURE_AUTORELEASING = YES;
				CLANG_WARN_BOOL_CONVERSION = YES;
				CLANG_WARN_COMMA = YES;
				CLANG_WARN_CONSTANT_CONVERSION = YES;
				CLANG_WARN_DEPRECATED_OBJC_IMPLEMENTATIONS = YES;
				CLANG_WARN_DIRECT_OBJC_ISA_USAGE = YES_ERROR;
				CLANG_WARN_DOCUMENTATION_COMMENTS = YES;
				CLANG_WARN_EMPTY_BODY = YES;
				CLANG_WARN_ENUM_CONVERSION = YES;
				CLANG_WARN_INFINITE_RECURSION = YES;
				CLANG_WARN_INT_CONVERSION = YES;
				CLANG_WARN_NON_LITERAL_NULL_CONVERSION = YES;
				CLANG_WARN_OBJC_IMPLICIT_RETAIN_SELF = YES;
				CLANG_WARN_OBJC_LITERAL_CONVERSION = YES;
				CLANG_WARN_OBJC_ROOT_CLASS = YES_ERROR;
				CLANG_WARN_QUOTED_INCLUDE_IN_FRAMEWORK_HEADER = YES;
				CLANG_WARN_RANGE_LOOP_ANALYSIS = YES;
				CLANG_WARN_STRICT_PROTOTYPES = YES;
				CLANG_WARN_SUSPICIOUS_MOVE = YES;
				CLANG_WARN_UNGUARDED_AVAILABILITY = YES_AGGRESSIVE;
				CLANG_WARN_UNREACHABLE_CODE = YES;
				CLANG_WARN__DUPLICATE_METHOD_MATCH = YES;
				COPY_PHASE_STRIP = NO;
				DEBUG_INFORMATION_FORMAT = dwarf;
				ENABLE_STRICT_OBJC_MSGSEND = YES;
				ENABLE_TESTABILITY = YES;
				ENABLE_USER_SCRIPT_SANDBOXING = YES;
				GCC_C_LANGUAGE_STANDARD = gnu17;
				GCC_DYNAMIC_NO_PIC = NO;
				GCC_NO_COMMON_BLOCKS = YES;
				GCC_OPTIMIZATION_LEVEL = 0;
				GCC_PREPROCESSOR_DEFINITIONS = (
					"DEBUG=1",
					"$(inherited)",
				);
				GCC_WARN_64_TO_32_BIT_CONVERSION = YES;
				GCC_WARN_ABOUT_RETURN_TYPE = YES_ERROR;
				GCC_WARN_UNDECLARED_SELECTOR = YES;
				GCC_WARN_UNINITIALIZED_AUTOS = YES_AGGRESSIVE;
				GCC_WARN_UNUSED_FUNCTION = YES;
				GCC_WARN_UNUSED_VARIABLE = YES;
				IPHONEOS_DEPLOYMENT_TARGET = 17.2;
				LOCALIZATION_PREFERS_STRING_CATALOGS = YES;
				MTL_ENABLE_DEBUG_INFO = INCLUDE_SOURCE;
				MTL_FAST_MATH = YES;
				ONLY_ACTIVE_ARCH = YES;
				SDKROOT = iphoneos;
				SWIFT_ACTIVE_COMPILATION_CONDITIONS = "DEBUG $(inherited)";
				SWIFT_OPTIMIZATION_LEVEL = "-Onone";
			};
			name = Debug;
		};
		FA5E60252B5E1C8C001E9353 /* Release */ = {
			isa = XCBuildConfiguration;
			buildSettings = {
				ALWAYS_SEARCH_USER_PATHS = NO;
				ASSETCATALOG_COMPILER_GENERATE_SWIFT_ASSET_SYMBOL_EXTENSIONS = YES;
				CLANG_ANALYZER_NONNULL = YES;
				CLANG_ANALYZER_NUMBER_OBJECT_CONVERSION = YES_AGGRESSIVE;
				CLANG_CXX_LANGUAGE_STANDARD = "gnu++20";
				CLANG_ENABLE_MODULES = YES;
				CLANG_ENABLE_OBJC_ARC = YES;
				CLANG_ENABLE_OBJC_WEAK = YES;
				CLANG_WARN_BLOCK_CAPTURE_AUTORELEASING = YES;
				CLANG_WARN_BOOL_CONVERSION = YES;
				CLANG_WARN_COMMA = YES;
				CLANG_WARN_CONSTANT_CONVERSION = YES;
				CLANG_WARN_DEPRECATED_OBJC_IMPLEMENTATIONS = YES;
				CLANG_WARN_DIRECT_OBJC_ISA_USAGE = YES_ERROR;
				CLANG_WARN_DOCUMENTATION_COMMENTS = YES;
				CLANG_WARN_EMPTY_BODY = YES;
				CLANG_WARN_ENUM_CONVERSION = YES;
				CLANG_WARN_INFINITE_RECURSION = YES;
				CLANG_WARN_INT_CONVERSION = YES;
				CLANG_WARN_NON_LITERAL_NULL_CONVERSION = YES;
				CLANG_WARN_OBJC_IMPLICIT_RETAIN_SELF = YES;
				CLANG_WARN_OBJC_LITERAL_CONVERSION = YES;
				CLANG_WARN_OBJC_ROOT_CLASS = YES_ERROR;
				CLANG_WARN_QUOTED_INCLUDE_IN_FRAMEWORK_HEADER = YES;
				CLANG_WARN_RANGE_LOOP_ANALYSIS = YES;
				CLANG_WARN_STRICT_PROTOTYPES = YES;
				CLANG_WARN_SUSPICIOUS_MOVE = YES;
				CLANG_WARN_UNGUARDED_AVAILABILITY = YES_AGGRESSIVE;
				CLANG_WARN_UNREACHABLE_CODE = YES;
				CLANG_WARN__DUPLICATE_METHOD_MATCH = YES;
				COPY_PHASE_STRIP = NO;
				DEBUG_INFORMATION_FORMAT = "dwarf-with-dsym";
				ENABLE_NS_ASSERTIONS = NO;
				ENABLE_STRICT_OBJC_MSGSEND = YES;
				ENABLE_USER_SCRIPT_SANDBOXING = YES;
				GCC_C_LANGUAGE_STANDARD = gnu17;
				GCC_NO_COMMON_BLOCKS = YES;
				GCC_WARN_64_TO_32_BIT_CONVERSION = YES;
				GCC_WARN_ABOUT_RETURN_TYPE = YES_ERROR;
				GCC_WARN_UNDECLARED_SELECTOR = YES;
				GCC_WARN_UNINITIALIZED_AUTOS = YES_AGGRESSIVE;
				GCC_WARN_UNUSED_FUNCTION = YES;
				GCC_WARN_UNUSED_VARIABLE = YES;
				IPHONEOS_DEPLOYMENT_TARGET = 17.2;
				LOCALIZATION_PREFERS_STRING_CATALOGS = YES;
				MTL_ENABLE_DEBUG_INFO = NO;
				MTL_FAST_MATH = YES;
				SDKROOT = iphoneos;
				SWIFT_COMPILATION_MODE = wholemodule;
				VALIDATE_PRODUCT = YES;
			};
			name = Release;
		};
		FA5E60272B5E1C8C001E9353 /* Debug */ = {
			isa = XCBuildConfiguration;
			buildSettings = {
				ASSETCATALOG_COMPILER_APPICON_NAME = AppIcon;
				ASSETCATALOG_COMPILER_GLOBAL_ACCENT_COLOR_NAME = AccentColor;
				CODE_SIGN_STYLE = Automatic;
				CURRENT_PROJECT_VERSION = 1;
				DEVELOPMENT_TEAM = 3AA8APU3CU;
				GENERATE_INFOPLIST_FILE = YES;
				INFOPLIST_FILE = GitHubIssues/Info.plist;
				INFOPLIST_KEY_LSApplicationCategoryType = "";
				INFOPLIST_KEY_UIApplicationSupportsIndirectInputEvents = YES;
				INFOPLIST_KEY_UILaunchStoryboardName = LaunchScreen;
				INFOPLIST_KEY_UIMainStoryboardFile = Main;
				INFOPLIST_KEY_UISupportedInterfaceOrientations = UIInterfaceOrientationPortrait;
				LD_RUNPATH_SEARCH_PATHS = (
					"$(inherited)",
					"@executable_path/Frameworks",
				);
				MARKETING_VERSION = 1.0;
				PRODUCT_BUNDLE_IDENTIFIER = com.exampleteam.GitHubIssues;
				PRODUCT_NAME = "$(TARGET_NAME)";
				SUPPORTED_PLATFORMS = "iphoneos iphonesimulator";
				SUPPORTS_MACCATALYST = NO;
				SUPPORTS_MAC_DESIGNED_FOR_IPHONE_IPAD = NO;
				SUPPORTS_XR_DESIGNED_FOR_IPHONE_IPAD = NO;
				SWIFT_EMIT_LOC_STRINGS = YES;
				SWIFT_VERSION = 5.0;
				TARGETED_DEVICE_FAMILY = 1;
			};
			name = Debug;
		};
		FA5E60282B5E1C8C001E9353 /* Release */ = {
			isa = XCBuildConfiguration;
			buildSettings = {
				ASSETCATALOG_COMPILER_APPICON_NAME = AppIcon;
				ASSETCATALOG_COMPILER_GLOBAL_ACCENT_COLOR_NAME = AccentColor;
				CODE_SIGN_STYLE = Automatic;
				CURRENT_PROJECT_VERSION = 1;
				DEVELOPMENT_TEAM = 3AA8APU3CU;
				GENERATE_INFOPLIST_FILE = YES;
				INFOPLIST_FILE = GitHubIssues/Info.plist;
				INFOPLIST_KEY_LSApplicationCategoryType = "";
				INFOPLIST_KEY_UIApplicationSupportsIndirectInputEvents = YES;
				INFOPLIST_KEY_UILaunchStoryboardName = LaunchScreen;
				INFOPLIST_KEY_UIMainStoryboardFile = Main;
				INFOPLIST_KEY_UISupportedInterfaceOrientations = UIInterfaceOrientationPortrait;
				LD_RUNPATH_SEARCH_PATHS = (
					"$(inherited)",
					"@executable_path/Frameworks",
				);
				MARKETING_VERSION = 1.0;
				PRODUCT_BUNDLE_IDENTIFIER = com.exampleteam.GitHubIssues;
				PRODUCT_NAME = "$(TARGET_NAME)";
				SUPPORTED_PLATFORMS = "iphoneos iphonesimulator";
				SUPPORTS_MACCATALYST = NO;
				SUPPORTS_MAC_DESIGNED_FOR_IPHONE_IPAD = NO;
				SUPPORTS_XR_DESIGNED_FOR_IPHONE_IPAD = NO;
				SWIFT_EMIT_LOC_STRINGS = YES;
				SWIFT_VERSION = 5.0;
				TARGETED_DEVICE_FAMILY = 1;
			};
			name = Release;
		};
/* End XCBuildConfiguration section */

/* Begin XCConfigurationList section */
		FA5E600D2B5E1C8B001E9353 /* Build configuration list for PBXProject "GitHubIssues" */ = {
			isa = XCConfigurationList;
			buildConfigurations = (
				FA5E60242B5E1C8C001E9353 /* Debug */,
				FA5E60252B5E1C8C001E9353 /* Release */,
			);
			defaultConfigurationIsVisible = 0;
			defaultConfigurationName = Release;
		};
		FA5E60262B5E1C8C001E9353 /* Build configuration list for PBXNativeTarget "GitHubIssues" */ = {
			isa = XCConfigurationList;
			buildConfigurations = (
				FA5E60272B5E1C8C001E9353 /* Debug */,
				FA5E60282B5E1C8C001E9353 /* Release */,
			);
			defaultConfigurationIsVisible = 0;
			defaultConfigurationName = Release;
		};
/* End XCConfigurationList section */
	};
	rootObject = FA5E600A2B5E1C8B001E9353 /* Project object */;
}
